github.com/davecgh/go-spew v1.1.0/go.mod h1:J7Y8YcW2NihsgmVo/mv3lAwl/skON4iLHjSsI+c5H38=
github.com/pmezard/go-difflib v1.0.0/go.mod h1:iKH77koFhYxTK1pcRnkKkqfTogsbg7gZNVY4sRDYZ/4=
github.com/qiniu/x v0.0.0-20190911131702-ec64d9399366 h1:8Emxqif6tbKfAsgKiNBpVSlb5b8Vw6rOGnb6udD89WI=
github.com/qiniu/x v0.0.0-20190911131702-ec64d9399366/go.mod h1:aU6kpH+y42VG99LnEu20KKbvXZY1x7znEJjuR4ErCy0=
github.com/qiniu/x v8.0.0+incompatible h1:5KRlM4br8QjRrvQq8iZpu8V86tyP2ociSqbSVvAGz7E=
github.com/qiniu/x v8.0.0+incompatible/go.mod h1:KpRKWYG/GaidPQVpoQ2Cvuvtts3gYnoo2PftgdmAiU4=
github.com/stretchr/objx v0.1.0/go.mod h1:HFkY916IF+rwdDfMAkV7OtwuqBVzrE8GR6GFx+wExME=
github.com/stretchr/testify v1.4.0/go.mod h1:j7eGeouHqKxXV5pUuKE4zz7dFj8WfuZ+81PSLYec5m4=
gopkg.in/check.v1 v0.0.0-20161208181325-20d25e280405/go.mod h1:Co6ibVJAznAaIkqp8huTwlJQCZ016jof/cbN4VW5Yz0=
gopkg.in/yaml.v2 v2.2.2/go.mod h1:hI93XBmqTisBFMUTm0b8Fm+jr3Dg1NNxqwp+5A1VGuI=
qiniupkg.com/dyn v1.0.1 h1:VdNWFW0PdiBlohC/ZH2EPuu4WoRmiNxM7msD3DV/o0c=
qiniupkg.com/dyn v1.0.1/go.mod h1:6p+RCv+0tqvnjLZxAbhe4+lBteqqfBytYynNqI5p7sA=
qiniupkg.com/x v8.0.0+incompatible h1:SbuenQ7F/TwR1CQ1YwU9PlIltg55UNtnVw1mtEwsPPU=
